
Microsoft Visual Studio Solution File, Format Version 12.00
# Visual Studio Version 17
VisualStudioVersion = 17.2.32516.85
MinimumVisualStudioVersion = 10.0.40219.1
Project("{FAE04EC0-301F-11D3-BF4B-00C04F79EFBC}") = "Mi calculadora", "Mi calculadora\Mi calculadora.csproj", "{25F77ECD-9E07-446E-8674-4374580BDA78}"
EndProject
Project("{FAE04EC0-301F-11D3-BF4B-00C04F79EFBC}") = "Entidades", "Entidades\Entidades.csproj", "{C03456E0-CB9A-49B6-82C7-6CEAE34AD6C1}"
EndProject
Global
	GlobalSection(SolutionConfigurationPlatforms) = preSolution
		Debug|Any CPU = Debug|Any CPU
		Release|Any CPU = Release|Any CPU
	EndGlobalSection
	GlobalSection(ProjectConfigurationPlatforms) = postSolution
		{25F77ECD-9E07-446E-8674-4374580BDA78}.Debug|Any CPU.ActiveCfg = Debug|Any CPU
		{25F77ECD-9E07-446E-8674-4374580BDA78}.Debug|Any CPU.Build.0 = Debug|Any CPU
		{25F77ECD-9E07-446E-8674-4374580BDA78}.Release|Any CPU.ActiveCfg = Release|Any CPU
		{25F77ECD-9E07-446E-8674-4374580BDA78}.Release|Any CPU.Build.0 = Release|Any CPU
		{C03456E0-CB9A-49B6-82C7-6CEAE34AD6C1}.Debug|Any CPU.ActiveCfg = Debug|Any CPU
		{C03456E0-CB9A-49B6-82C7-6CEAE34AD6C1}.Debug|Any CPU.Build.0 = Debug|Any CPU
		{C03456E0-CB9A-49B6-82C7-6CEAE34AD6C1}.Release|Any CPU.ActiveCfg = Release|Any CPU
		{C03456E0-CB9A-49B6-82C7-6CEAE34AD6C1}.Release|Any CPU.Build.0 = Release|Any CPU
	EndGlobalSection
	GlobalSection(SolutionProperties) = preSolution
		HideSolutionNode = FALSE
	EndGlobalSection
	GlobalSection(ExtensibilityGlobals) = postSolution
		SolutionGuid = {9980C6CD-3A02-4BDA-8E96-431E9F2B7F19}
	EndGlobalSection
EndGlobal
